
Microsoft Visual Studio Solution File, Format Version 12.00
# Visual Studio Version 17
VisualStudioVersion = 17.4.33403.182
MinimumVisualStudioVersion = 10.0.40219.1
Project("{2150E333-8FDC-42A3-9474-1A3956D46DE8}") = "Src", "Src", "{D1DC9D99-8468-4B6F-860E-FCF7B0363DE3}"
EndProject
Project("{9A19103F-16F7-4668-BE54-9A1E7A4F7556}") = "TheTVDBWebApi70", "Src\TheTVDBWebApi70\TheTVDBWebApi70.csproj", "{CF226873-0A62-42F0-B432-C0F3CAFD8F6F}"
EndProject
Project("{D954291E-2A0B-460D-934E-DC6B0785DB48}") = "TheTVDBWebApiShare", "Src\TheTVDBWebApiShare\TheTVDBWebApiShare.shproj", "{936BB719-2110-4D3E-8653-D55D6A9130EC}"
EndProject
Project("{2150E333-8FDC-42A3-9474-1A3956D46DE8}") = "Test", "Test", "{4507C15C-959B-42F7-8220-533AE9DE66F2}"
EndProject
Project("{2150E333-8FDC-42A3-9474-1A3956D46DE8}") = "Doc", "Doc", "{7F25F319-B889-4A49-BA5C-06E1E744A2AE}"
EndProject
Project("{7CF6DF6D-3B04-46F8-A40B-537D21BCA0B4}") = "TheTVDBWebApiDoc", "Doc\TheTVDBWebApiDoc\TheTVDBWebApiDoc.shfbproj", "{34FCEBDC-E926-4CA2-B1F2-489816987629}"
	ProjectSection(ProjectDependencies) = postProject
		{CF226873-0A62-42F0-B432-C0F3CAFD8F6F} = {CF226873-0A62-42F0-B432-C0F3CAFD8F6F}
	EndProjectSection
EndProject
Project("{2150E333-8FDC-42A3-9474-1A3956D46DE8}") = "Demo", "Demo", "{2AF30638-7326-46EA-A651-7AA46FE2D850}"
EndProject
Project("{9A19103F-16F7-4668-BE54-9A1E7A4F7556}") = "TheTVDBWebApiDemo70", "Demo\TheTVDBWebApiDemo70\TheTVDBWebApiDemo70.csproj", "{70B04DB9-1598-4E72-A6A7-F61A6DF71EEB}"
EndProject
Project("{9A19103F-16F7-4668-BE54-9A1E7A4F7556}") = "TheTVDBWebApi60", "Src\TheTVDBWebApi60\TheTVDBWebApi60.csproj", "{AE8585FE-0391-40E7-962F-B6D09F73591A}"
EndProject
Project("{D954291E-2A0B-460D-934E-DC6B0785DB48}") = "TheTVDBWebApiTestShare", "Test\TheTVDBWebApiTestShare\TheTVDBWebApiTestShare.shproj", "{F4A46C3F-4A8F-4A7A-B7FE-59012CED4A70}"
EndProject
Project("{9A19103F-16F7-4668-BE54-9A1E7A4F7556}") = "TheTVDBWebApiTest60", "Test\TheTVDBWebApiTest60\TheTVDBWebApiTest60.csproj", "{1E3D9357-23A6-467F-B59B-7DC0CFE26EE7}"
EndProject
Project("{9A19103F-16F7-4668-BE54-9A1E7A4F7556}") = "TheTVDBWebApiTest70", "Test\TheTVDBWebApiTest70\TheTVDBWebApiTest70.csproj", "{607D1BFA-49A8-4496-9B0D-884FDCFE6C29}"
EndProject
Project("{9A19103F-16F7-4668-BE54-9A1E7A4F7556}") = "EnumConverter", "Tools\EnumConverter\EnumConverter.csproj", "{8440354D-7424-4819-A4F8-811D68B30A11}"
EndProject
Project("{FAE04EC0-301F-11D3-BF4B-00C04F79EFBC}") = "TheTVDBWebApi80", "Src\TheTVDBWebApi80\TheTVDBWebApi80.csproj", "{290A0C29-8A7B-4278-B96A-6681CFEBF7BB}"
EndProject
Project("{D954291E-2A0B-460D-934E-DC6B0785DB48}") = "WebServiceClientShare", "..\WebServiceClient\Src\WebServiceClientShare\WebServiceClientShare.shproj", "{8CAACB04-9656-4B7C-A692-422FCA51474B}"
EndProject
Global
	GlobalSection(SolutionConfigurationPlatforms) = preSolution
		Debug|Any CPU = Debug|Any CPU
		Release|Any CPU = Release|Any CPU
	EndGlobalSection
	GlobalSection(ProjectConfigurationPlatforms) = postSolution
		{CF226873-0A62-42F0-B432-C0F3CAFD8F6F}.Debug|Any CPU.ActiveCfg = Debug|Any CPU
		{CF226873-0A62-42F0-B432-C0F3CAFD8F6F}.Debug|Any CPU.Build.0 = Debug|Any CPU
		{CF226873-0A62-42F0-B432-C0F3CAFD8F6F}.Release|Any CPU.ActiveCfg = Release|Any CPU
		{CF226873-0A62-42F0-B432-C0F3CAFD8F6F}.Release|Any CPU.Build.0 = Release|Any CPU
		{34FCEBDC-E926-4CA2-B1F2-489816987629}.Debug|Any CPU.ActiveCfg = Debug|Any CPU
		{34FCEBDC-E926-4CA2-B1F2-489816987629}.Release|Any CPU.ActiveCfg = Release|Any CPU
		{34FCEBDC-E926-4CA2-B1F2-489816987629}.Release|Any CPU.Build.0 = Release|Any CPU
		{70B04DB9-1598-4E72-A6A7-F61A6DF71EEB}.Debug|Any CPU.ActiveCfg = Debug|Any CPU
		{70B04DB9-1598-4E72-A6A7-F61A6DF71EEB}.Debug|Any CPU.Build.0 = Debug|Any CPU
		{70B04DB9-1598-4E72-A6A7-F61A6DF71EEB}.Release|Any CPU.ActiveCfg = Release|Any CPU
		{70B04DB9-1598-4E72-A6A7-F61A6DF71EEB}.Release|Any CPU.Build.0 = Release|Any CPU
		{AE8585FE-0391-40E7-962F-B6D09F73591A}.Debug|Any CPU.ActiveCfg = Debug|Any CPU
		{AE8585FE-0391-40E7-962F-B6D09F73591A}.Debug|Any CPU.Build.0 = Debug|Any CPU
		{AE8585FE-0391-40E7-962F-B6D09F73591A}.Release|Any CPU.ActiveCfg = Release|Any CPU
		{AE8585FE-0391-40E7-962F-B6D09F73591A}.Release|Any CPU.Build.0 = Release|Any CPU
		{1E3D9357-23A6-467F-B59B-7DC0CFE26EE7}.Debug|Any CPU.ActiveCfg = Debug|Any CPU
		{1E3D9357-23A6-467F-B59B-7DC0CFE26EE7}.Debug|Any CPU.Build.0 = Debug|Any CPU
		{1E3D9357-23A6-467F-B59B-7DC0CFE26EE7}.Release|Any CPU.ActiveCfg = Release|Any CPU
		{1E3D9357-23A6-467F-B59B-7DC0CFE26EE7}.Release|Any CPU.Build.0 = Release|Any CPU
		{607D1BFA-49A8-4496-9B0D-884FDCFE6C29}.Debug|Any CPU.ActiveCfg = Debug|Any CPU
		{607D1BFA-49A8-4496-9B0D-884FDCFE6C29}.Debug|Any CPU.Build.0 = Debug|Any CPU
		{607D1BFA-49A8-4496-9B0D-884FDCFE6C29}.Release|Any CPU.ActiveCfg = Release|Any CPU
		{607D1BFA-49A8-4496-9B0D-884FDCFE6C29}.Release|Any CPU.Build.0 = Release|Any CPU
		{8440354D-7424-4819-A4F8-811D68B30A11}.Debug|Any CPU.ActiveCfg = Debug|Any CPU
		{8440354D-7424-4819-A4F8-811D68B30A11}.Debug|Any CPU.Build.0 = Debug|Any CPU
		{8440354D-7424-4819-A4F8-811D68B30A11}.Release|Any CPU.ActiveCfg = Release|Any CPU
		{8440354D-7424-4819-A4F8-811D68B30A11}.Release|Any CPU.Build.0 = Release|Any CPU
		{290A0C29-8A7B-4278-B96A-6681CFEBF7BB}.Debug|Any CPU.ActiveCfg = Debug|Any CPU
		{290A0C29-8A7B-4278-B96A-6681CFEBF7BB}.Debug|Any CPU.Build.0 = Debug|Any CPU
		{290A0C29-8A7B-4278-B96A-6681CFEBF7BB}.Release|Any CPU.ActiveCfg = Release|Any CPU
		{290A0C29-8A7B-4278-B96A-6681CFEBF7BB}.Release|Any CPU.Build.0 = Release|Any CPU
	EndGlobalSection
	GlobalSection(SolutionProperties) = preSolution
		HideSolutionNode = FALSE
	EndGlobalSection
	GlobalSection(NestedProjects) = preSolution
		{CF226873-0A62-42F0-B432-C0F3CAFD8F6F} = {D1DC9D99-8468-4B6F-860E-FCF7B0363DE3}
		{936BB719-2110-4D3E-8653-D55D6A9130EC} = {D1DC9D99-8468-4B6F-860E-FCF7B0363DE3}
		{34FCEBDC-E926-4CA2-B1F2-489816987629} = {7F25F319-B889-4A49-BA5C-06E1E744A2AE}
		{70B04DB9-1598-4E72-A6A7-F61A6DF71EEB} = {2AF30638-7326-46EA-A651-7AA46FE2D850}
		{AE8585FE-0391-40E7-962F-B6D09F73591A} = {D1DC9D99-8468-4B6F-860E-FCF7B0363DE3}
		{F4A46C3F-4A8F-4A7A-B7FE-59012CED4A70} = {4507C15C-959B-42F7-8220-533AE9DE66F2}
		{1E3D9357-23A6-467F-B59B-7DC0CFE26EE7} = {4507C15C-959B-42F7-8220-533AE9DE66F2}
		{607D1BFA-49A8-4496-9B0D-884FDCFE6C29} = {4507C15C-959B-42F7-8220-533AE9DE66F2}
		{290A0C29-8A7B-4278-B96A-6681CFEBF7BB} = {D1DC9D99-8468-4B6F-860E-FCF7B0363DE3}
		{8CAACB04-9656-4B7C-A692-422FCA51474B} = {D1DC9D99-8468-4B6F-860E-FCF7B0363DE3}
	EndGlobalSection
	GlobalSection(ExtensibilityGlobals) = postSolution
		SolutionGuid = {593E72B1-6782-4577-A065-BF25C1BDE166}
	EndGlobalSection
	GlobalSection(SharedMSBuildProjectFiles) = preSolution
		Test\TheTVDBWebApiTestShare\TheTVDBWebApiTestShare.projitems*{1e3d9357-23a6-467f-b59b-7dc0cfe26ee7}*SharedItemsImports = 5
		Src\TheTVDBWebApiShare\TheTVDBWebApiShare.projitems*{290a0c29-8a7b-4278-b96a-6681cfebf7bb}*SharedItemsImports = 5
		..\WebServiceClient\Src\WebServiceClientShare\WebServiceClientShare.projitems*{290a0c29-8a7b-4278-b96a-6681cfebf7bb}*SharedItemsImports = 5
		Test\TheTVDBWebApiTestShare\TheTVDBWebApiTestShare.projitems*{607d1bfa-49a8-4496-9b0d-884fdcfe6c29}*SharedItemsImports = 5
		..\WebServiceClient\Src\WebServiceClientShare\WebServiceClientShare.projitems*{8caacb04-9656-4b7c-a692-422fca51474b}*SharedItemsImports = 13
		Src\TheTVDBWebApiShare\TheTVDBWebApiShare.projitems*{936bb719-2110-4d3e-8653-d55d6a9130ec}*SharedItemsImports = 13
		Src\TheTVDBWebApiShare\TheTVDBWebApiShare.projitems*{ae8585fe-0391-40e7-962f-b6d09f73591a}*SharedItemsImports = 5
		..\WebServiceClient\Src\WebServiceClientShare\WebServiceClientShare.projitems*{ae8585fe-0391-40e7-962f-b6d09f73591a}*SharedItemsImports = 5
		Src\TheTVDBWebApiShare\TheTVDBWebApiShare.projitems*{cf226873-0a62-42f0-b432-c0f3cafd8f6f}*SharedItemsImports = 5
		..\WebServiceClient\Src\WebServiceClientShare\WebServiceClientShare.projitems*{cf226873-0a62-42f0-b432-c0f3cafd8f6f}*SharedItemsImports = 5
		Test\TheTVDBWebApiTestShare\TheTVDBWebApiTestShare.projitems*{f4a46c3f-4a8f-4a7a-b7fe-59012ced4a70}*SharedItemsImports = 13
	EndGlobalSection
EndGlobal
