<Solution>
  <Folder Name="/Demo/">
    <Project Path="Demo/TheTVDBWebApiDemo100/TheTVDBWebApiDemo100.csproj" />
    <Project Path="Demo/TheTVDBWebApiDemo80/TheTVDBWebApiDemo80.csproj" />
    <Project Path="Demo/TheTVDBWebApiDemo90/TheTVDBWebApiDemo90.csproj" />
    <Project Path="Demo/TheTVDBWebApiDemoShare/TheTVDBWebApiDemoShare.shproj" />
  </Folder>
  <Folder Name="/Src/">
    <Project Path="../WebServiceClient/Src/WebServiceClientShare/WebServiceClientShare.shproj" />
    <Project Path="Src/TheTVDBWebApi100/TheTVDBWebApi100.csproj" />
    <Project Path="Src/TheTVDBWebApi80/TheTVDBWebApi80.csproj" />
    <Project Path="Src/TheTVDBWebApi90/TheTVDBWebApi90.csproj" />
    <Project Path="Src/TheTVDBWebApiShare/TheTVDBWebApiShare.shproj" />
  </Folder>
  <Folder Name="/Test/">
    <Project Path="Test/TheTVDBWebApiTest100/TheTVDBWebApiTest100.csproj" />
    <Project Path="Test/TheTVDBWebApiTest80/TheTVDBWebApiTest80.csproj" />
    <Project Path="Test/TheTVDBWebApiTest90/TheTVDBWebApiTest90.csproj" />
    <Project Path="Test/TheTVDBWebApiTestShare/TheTVDBWebApiTestShare.shproj" />
  </Folder>
  <Project Path="Tools/EnumConverter/EnumConverter.csproj" />
</Solution>
